# THIS IS AN AUTOGENERATED FILE. DO NOT EDIT THIS FILE DIRECTLY.
# yarn lockfile v1


"@aws-sdk/checksums@^3.1000.28":
  version "3.1000.28"
  resolved "https://registry.yarnpkg.com/@aws-sdk/checksums/-/checksums-3.1000.28.tgz#2a057727dc4b575dd84fe756d437caf4331bc974"
  integrity sha512-VCpnmyHQ1IH49ni3LXnQj7DPr7rmcJmzYeiCkYdCcfgNtkvOj38cdcL9lapBWoItZWFACJPFJlymqC7/gem3Gw==
  dependencies:
    "@aws-sdk/core" "^3.977.8"
    "@aws-sdk/types" "^3.974.4"
    "@smithy/core" "^3.31.1"
    "@smithy/types" "^4.16.1"
    tslib "^2.6.2"

"@aws-sdk/client-s3@^3.1111.0":
  version "3.1111.0"
  resolved "https://registry.yarnpkg.com/@aws-sdk/client-s3/-/client-s3-3.1111.0.tgz#7fc6e08ac09cf059dcd0f2f68279a2e85adff0ed"
  integrity sha512-VnLT6aSTN8tWl/NsXUysXNZor7wQBp9CRwufo7kt8cwGXvHLZ0S/cV1K9WFcREGboVYSo3NGQ3ZvU7LRidh2aQ==
  dependencies:
    "@aws-sdk/checksums" "^3.1000.28"
    "@aws-sdk/core" "^3.977.8"
    "@aws-sdk/credential-provider-node" "^3.972.80"
    "@aws-sdk/middleware-sdk-s3" "^3.972.74"
    "@aws-sdk/signature-v4-multi-region" "^3.996.45"
    "@aws-sdk/types" "^3.974.4"
    "@smithy/core" "^3.31.1"
    "@smithy/fetch-http-handler" "^5.6.13"
    "@smithy/node-http-handler" "^4.9.13"
    "@smithy/types" "^4.16.1"
    tslib "^2.6.2"

"@aws-sdk/core@^3.977.8":
  version "3.977.8"
  resolved "https://registry.yarnpkg.com/@aws-sdk/core/-/core-3.977.8.tgz#b2860d6d6bd4b147dbf906c5e3c8155337742657"
  integrity sha512-7+Kcrkvrk9lM/m7jRhHpT4jCdvzGHsuaSRbF8TdzzkY1mRzp/Ogwf9c7H29k4gGhey0BBWhCWr16+t0J61gwmg==
  dependencies:
    "@aws-sdk/types" "^3.974.4"
    "@aws-sdk/xml-builder" "^3.972.39"
    "@aws/lambda-invoke-store" "^0.3.0"
    "@smithy/core" "^3.31.1"
    "@smithy/signature-v4" "^5.6.12"
    "@smithy/types" "^4.16.1"
    bowser "^2.11.0"
    tslib "^2.6.2"

"@aws-sdk/credential-provider-env@^3.972.69":
  version "3.972.69"
  resolved "https://registry.yarnpkg.com/@aws-sdk/credential-provider-env/-/credential-provider-env-3.972.69.tgz#9ef8e8e6abd048ae4c9bd8ea71fe8e79bcb48204"
  integrity sha512-AreCFzcB4kH2HF9031Ot0jSJr3KXvRg6e8uDeub20JEVdZU3Bv0sTq1plc7VsT3KiqutlzH7l0j50UcCWHUioA==
  dependencies:
    "@aws-sdk/core" "^3.977.8"
    "@aws-sdk/types" "^3.974.4"
    "@smithy/core" "^3.31.1"
    "@smithy/types" "^4.16.1"
    tslib "^2.6.2"

"@aws-sdk/credential-provider-http@^3.972.71":
  version "3.972.71"
  resolved "https://registry.yarnpkg.com/@aws-sdk/credential-provider-http/-/credential-provider-http-3.972.71.tgz#94f74f2e145df28b0b15849330b99f9c83c3f978"
  integrity sha512-A8ObcqVmDMnk4F9NozZ7JwmUu9Q4xyBJkmyq1C5U+wNM9ht9J7+EuuyabsLWXZnOoTqFaJuYBYTKf5CTipkEjA==
  dependencies:
    "@aws-sdk/core" "^3.977.8"
    "@aws-sdk/types" "^3.974.4"
    "@smithy/core" "^3.31.1"
    "@smithy/fetch-http-handler" "^5.6.13"
    "@smithy/node-http-handler" "^4.9.13"
    "@smithy/types" "^4.16.1"
    tslib "^2.6.2"

"@aws-sdk/credential-provider-ini@^3.973.14":
  version "3.973.14"
  resolved "https://registry.yarnpkg.com/@aws-sdk/credential-provider-ini/-/credential-provider-ini-3.973.14.tgz#650d856227a36fbfb954f8b93b89f747e8430dd4"
  integrity sha512-7c+Wti2LsERNWMfm7ySz3/6RPopFW3Nmn7s63Xpcq6R/tRuY5hpvkHA2xVgi5ukJbvok9l0IDtVEvqTtg+X7dw==
  dependencies:
    "@aws-sdk/core" "^3.977.8"
    "@aws-sdk/credential-provider-env" "^3.972.69"
    "@aws-sdk/credential-provider-http" "^3.972.71"
    "@aws-sdk/credential-provider-login" "^3.972.76"
    "@aws-sdk/credential-provider-process" "^3.972.69"
    "@aws-sdk/credential-provider-sso" "^3.973.13"
    "@aws-sdk/credential-provider-web-identity" "^3.972.75"
    "@aws-sdk/nested-clients" "^3.997.43"
    "@aws-sdk/types" "^3.974.4"
    "@smithy/core" "^3.31.1"
    "@smithy/credential-provider-imds" "^4.4.16"
    "@smithy/types" "^4.16.1"
    tslib "^2.6.2"

"@aws-sdk/credential-provider-login@^3.972.76":
  version "3.972.76"
  resolved "https://registry.yarnpkg.com/@aws-sdk/credential-provider-login/-/credential-provider-login-3.972.76.tgz#83dc4012f8d218c6867ecea389103c4ab78f4f7f"
  integrity sha512-LVixwOnEJfrrfKHeZjBA8pIMTZjNDq8ak8VpcoWUuCJDrSnBNU8POJksULMgvN089P0MXtQYH2Zs627/MK1K0g==
  dependencies:
    "@aws-sdk/core" "^3.977.8"
    "@aws-sdk/nested-clients" "^3.997.43"
    "@aws-sdk/types" "^3.974.4"
    "@smithy/core" "^3.31.1"
    "@smithy/types" "^4.16.1"
    tslib "^2.6.2"

"@aws-sdk/credential-provider-node@^3.972.80":
  version "3.972.80"
  resolved "https://registry.yarnpkg.com/@aws-sdk/credential-provider-node/-/credential-provider-node-3.972.80.tgz#1a3db0a35091468c5cd32d869f031fc6a2420d8e"
  integrity sha512-bE2qh8ww4iClO1jHsBXdOE8FUgzDbdxbyorNjSCoPSkQd51k3jODItuPZfuwcLHZqDXsH+bI4AMHhqtuyR7mSg==
  dependencies:
    "@aws-sdk/credential-provider-env" "^3.972.69"
    "@aws-sdk/credential-provider-http" "^3.972.71"
    "@aws-sdk/credential-provider-ini" "^3.973.14"
    "@aws-sdk/credential-provider-process" "^3.972.69"
    "@aws-sdk/credential-provider-sso" "^3.973.13"
    "@aws-sdk/credential-provider-web-identity" "^3.972.75"
    "@aws-sdk/types" "^3.974.4"
    "@smithy/core" "^3.31.1"
    "@smithy/credential-provider-imds" "^4.4.16"
    "@smithy/types" "^4.16.1"
    tslib "^2.6.2"

"@aws-sdk/credential-provider-process@^3.972.69":
  version "3.972.69"
  resolved "https://registry.yarnpkg.com/@aws-sdk/credential-provider-process/-/credential-provider-process-3.972.69.tgz#d97e64a37d25662913f6314562781a9c9e95516b"
  integrity sha512-9kpTNdZTrcqXTfhxM7fgl9Z68ek3Fu5oe3Yf+A/pJGibEqpgZxz2tSY7SinmyCIU2PJ+ygY4FPoBBnLpocMtrQ==
  dependencies:
    "@aws-sdk/core" "^3.977.8"
    "@aws-sdk/types" "^3.974.4"
    "@smithy/core" "^3.31.1"
    "@smithy/types" "^4.16.1"
    tslib "^2.6.2"

"@aws-sdk/credential-provider-sso@^3.973.13":
  version "3.973.13"
  resolved "https://registry.yarnpkg.com/@aws-sdk/credential-provider-sso/-/credential-provider-sso-3.973.13.tgz#005f76bf069e78089c79ec2c1b9d50a07eddabb3"
  integrity sha512-Oc81qauMPzUoTnAS2YKpNwY6sY/LUyQTEeaf6yP197WMxkEBQfcKLR1MFpD7+pNTubXnfkH6gwpji+Gc7iyD2Q==
  dependencies:
    "@aws-sdk/core" "^3.977.8"
    "@aws-sdk/nested-clients" "^3.997.43"
    "@aws-sdk/token-providers" "3.1111.0"
    "@aws-sdk/types" "^3.974.4"
    "@smithy/core" "^3.31.1"
    "@smithy/types" "^4.16.1"
    tslib "^2.6.2"

"@aws-sdk/credential-provider-web-identity@^3.972.75":
  version "3.972.75"
  resolved "https://registry.yarnpkg.com/@aws-sdk/credential-provider-web-identity/-/credential-provider-web-identity-3.972.75.tgz#c0a5980c55301aabfbf5f9938f2ba78444ee026e"
  integrity sha512-YPN6uoGDgjjjeVFZrcOeCJqmB6zpXoeeNgIjqe+DexJaWqdjVfCCe+VAZwli9Z2h8KhFW8oxkO39emQ1tyz/Mw==
  dependencies:
    "@aws-sdk/core" "^3.977.8"
    "@aws-sdk/nested-clients" "^3.997.43"
    "@aws-sdk/types" "^3.974.4"
    "@smithy/core" "^3.31.1"
    "@smithy/types" "^4.16.1"
    tslib "^2.6.2"

"@aws-sdk/middleware-sdk-s3@^3.972.74":
  version "3.972.74"
  resolved "https://registry.yarnpkg.com/@aws-sdk/middleware-sdk-s3/-/middleware-sdk-s3-3.972.74.tgz#203bb14775dcdc8f2b0c4984125da09708d8496d"
  integrity sha512-2lzoV2z2QO5KJZYGOCnIZ1WVQgzMECvwuzr1xb034a++8QW4U4eGrmC2u4yg1xvNv4TLL/Uv5DLyuAiw0b9z7Q==
  dependencies:
    "@aws-sdk/core" "^3.977.8"
    "@aws-sdk/signature-v4-multi-region" "^3.996.45"
    "@aws-sdk/types" "^3.974.4"
    "@smithy/core" "^3.31.1"
    "@smithy/types" "^4.16.1"
    tslib "^2.6.2"

"@aws-sdk/nested-clients@^3.997.43":
  version "3.997.43"
  resolved "https://registry.yarnpkg.com/@aws-sdk/nested-clients/-/nested-clients-3.997.43.tgz#6fa60e5fad1e97267b2773f0750d37511f9d698a"
  integrity sha512-bit+VpqWNyi3wHxFoTsTliNXimCSL2r2OeDTm7ZrG+YsTZ2D7ofDJ6r/t9PVBn80i6/v0X2h9Tgw6QP2MAKfPw==
  dependencies:
    "@aws-sdk/core" "^3.977.8"
    "@aws-sdk/signature-v4-multi-region" "^3.996.45"
    "@aws-sdk/types" "^3.974.4"
    "@smithy/core" "^3.31.1"
    "@smithy/fetch-http-handler" "^5.6.13"
    "@smithy/node-http-handler" "^4.9.13"
    "@smithy/types" "^4.16.1"
    tslib "^2.6.2"

"@aws-sdk/signature-v4-multi-region@^3.996.45":
  version "3.996.45"
  resolved "https://registry.yarnpkg.com/@aws-sdk/signature-v4-multi-region/-/signature-v4-multi-region-3.996.45.tgz#7d8d1d2c769327b9b5c624ee577ea1248826af7a"
  integrity sha512-bBuyztukzXq6plzFGHAWiQt0QXo+HL8b8lX5cFTzkez/74PtS1c0qPFCIVuHkyoT+miH2qOjAcm1/yoro2ESPA==
  dependencies:
    "@aws-sdk/types" "^3.974.4"
    "@smithy/signature-v4" "^5.6.12"
    "@smithy/types" "^4.16.1"
    tslib "^2.6.2"

"@aws-sdk/token-providers@3.1111.0":
  version "3.1111.0"
  resolved "https://registry.yarnpkg.com/@aws-sdk/token-providers/-/token-providers-3.1111.0.tgz#0a91fe03ab928b32032d0d30c8a191eccb91b3a5"
  integrity sha512-JfljgoVtl+s3Qy21n9a7Z48uCQaOXcN74KJ3TEQfPoB293GrXFSt6HSQJF1sTZ8c/5QedEvd3NjJQMO4u9qa5A==
  dependencies:
    "@aws-sdk/core" "^3.977.8"
    "@aws-sdk/nested-clients" "^3.997.43"
    "@aws-sdk/types" "^3.974.4"
    "@smithy/core" "^3.31.1"
    "@smithy/types" "^4.16.1"
    tslib "^2.6.2"

"@aws-sdk/types@^3.974.4":
  version "3.974.4"
  resolved "https://registry.yarnpkg.com/@aws-sdk/types/-/types-3.974.4.tgz#c68582caa8568de90d106e4717f1559164b6949a"
  integrity sha512-dSFDNG00MEz0/xl5gxL62giLd1iYyJsTxZ1I1DOj6lC+bbgLB4TRsYClJg3b62dhXT1uATzsTNXPnC+33EJV3A==
  dependencies:
    "@smithy/types" "^4.16.1"
    tslib "^2.6.2"

"@aws-sdk/xml-builder@^3.972.39":
  version "3.972.39"
  resolved "https://registry.yarnpkg.com/@aws-sdk/xml-builder/-/xml-builder-3.972.39.tgz#d55108a214b60f1bf88429dc952cb4e9ba9e0632"
  integrity sha512-FTti8DS5MMWXNUWiRwXAJeYS+0GHHiMy0+7XOhcwk63ILHmfS2UFy2z/HNpZCSOJJ3P3dnWY6hfYNW3DF0nXUA==
  dependencies:
    "@smithy/types" "^4.16.1"
    tslib "^2.6.2"

"@aws/lambda-invoke-store@^0.3.0":
  version "0.3.0"
  resolved "https://registry.yarnpkg.com/@aws/lambda-invoke-store/-/lambda-invoke-store-0.3.0.tgz#708802d987f8e17bdf4af4de1031660ce1cdd65f"
  integrity sha512-sl4Bm6yiMNYrZKkqqDFWN0UfnWhlS8ivKxrYl+6t0gCLrqr8y3B2IqZZbFRkfaVVp7C/baApyh71P+LeE1A2sQ==

"@ioredis/commands@1.10.0":
  version "1.10.0"
  resolved "https://registry.yarnpkg.com/@ioredis/commands/-/commands-1.10.0.tgz#cc387f8ec5ebe5b3b5104d393b5ac1f9cf794b9a"
  integrity sha512-UmeW7z4LfctwoQ5wkhVzgq8tXkreED2xZGpX+Bg+zA+WJFZCT6c062AfCK/Dfk81xZnnwdhJCUMkitihRaoC2Q==

"@msgpackr-extract/msgpackr-extract-darwin-arm64@3.0.4":
  version "3.0.4"
  resolved "https://registry.yarnpkg.com/@msgpackr-extract/msgpackr-extract-darwin-arm64/-/msgpackr-extract-darwin-arm64-3.0.4.tgz#22619f76a6b10ba78c8b74025b0d9754cad69cc7"
  integrity sha512-LCkGo6JDfaBhgST7UpPWgNgLINpcpabaHfyz5OBx75nUYxBsaEPxjnyNjWpeb/xBup/682QnBfRBy2/LvPutZQ==

"@msgpackr-extract/msgpackr-extract-darwin-x64@3.0.4":
  version "3.0.4"
  resolved "https://registry.yarnpkg.com/@msgpackr-extract/msgpackr-extract-darwin-x64/-/msgpackr-extract-darwin-x64-3.0.4.tgz#c2fc0573afe08b0cf213e66eef76842b121d1577"
  integrity sha512-zExlW9zUJKZH/tOtVMttwjKa4Xm/3KcNjnE3dPN92uCktwavMxpgCA3MoJK/DOnTWsQgo224OaST27/mPNAf+w==

"@msgpackr-extract/msgpackr-extract-linux-arm64@3.0.4":
  version "3.0.4"
  resolved "https://registry.yarnpkg.com/@msgpackr-extract/msgpackr-extract-linux-arm64/-/msgpackr-extract-linux-arm64-3.0.4.tgz#4e3822f5522e18ed92611b894dc5db1bc882f39d"
  integrity sha512-dgX0P/9wGPJeHFBG+ZmhgE6bmtMt7NP5CRBGyyktpopdk/mW4POnrpQsSLtKI1dwpc+pPLuXHDh6vvskyQE/sw==

"@msgpackr-extract/msgpackr-extract-linux-arm@3.0.4":
  version "3.0.4"
  resolved "https://registry.yarnpkg.com/@msgpackr-extract/msgpackr-extract-linux-arm/-/msgpackr-extract-linux-arm-3.0.4.tgz#27ec4bc7eb6c311c982a50f1a6e1e1414638a6f8"
  integrity sha512-Tg3yX65f5GbtXLkrYEHE5oibZG9epyYWas7FogTTEJeDEF9JlXJzKgXaNhT3UXlTOeA+AfZpYZYZ0uPj7Cfquw==

"@msgpackr-extract/msgpackr-extract-linux-x64@3.0.4":
  version "3.0.4"
  resolved "https://registry.yarnpkg.com/@msgpackr-extract/msgpackr-extract-linux-x64/-/msgpackr-extract-linux-x64-3.0.4.tgz#37317d833c7d01d086f6155fa59c478adb6839f6"
  integrity sha512-8TNXMEjJc3QEy7R/x1INhgiU+XakDAFUzBhaz7+Rbrs8NH5UQeHQxxmzsSBJGyV6I1jW79undiQm8tOI+D+8FQ==

"@msgpackr-extract/msgpackr-extract-win32-x64@3.0.4":
  version "3.0.4"
  resolved "https://registry.yarnpkg.com/@msgpackr-extract/msgpackr-extract-win32-x64/-/msgpackr-extract-win32-x64-3.0.4.tgz#a1c79dcc9ae5f8c02aea8c2f144e5af6a822e5e8"
  integrity sha512-CmCXPQrkbwExx3j946/PtHWHbYJiCRBRDl4BlkRQcJB/YOwQxJRTpoo7aTsortjgoJ1x7opzTSxn7C+ASSLVjQ==

"@smithy/core@^3.31.1", "@smithy/core@^3.33.2":
  version "3.33.2"
  resolved "https://registry.yarnpkg.com/@smithy/core/-/core-3.33.2.tgz#64cad79d96e293e1b2bddd8491d869afe5d94696"
  integrity sha512-CUGXpnPkVdjUCbix+83sWLW9VFgQOm44MDOx/ihITJMAnOZKvL8YYIc7DR9pP/tZ8CIRvMiON/TucvygqbHO3w==
  dependencies:
    "@smithy/types" "^4.17.2"
    tslib "^2.6.2"

"@smithy/credential-provider-imds@^4.4.16":
  version "4.5.2"
  resolved "https://registry.yarnpkg.com/@smithy/credential-provider-imds/-/credential-provider-imds-4.5.2.tgz#da3ea9636b5566b36b0761382d841a6d8fdde14f"
  integrity sha512-A9uSdn72ozbRUSit0eib0TW7nXuNPlaeM0zcGkJ+nE6tFcSDbnmtwoxbTCFBukVQcszDAyvsd7+rTduPTXpygg==
  dependencies:
    "@smithy/core" "^3.33.2"
    "@smithy/types" "^4.17.2"
    tslib "^2.6.2"

"@smithy/fetch-http-handler@^5.6.13":
  version "5.7.2"
  resolved "https://registry.yarnpkg.com/@smithy/fetch-http-handler/-/fetch-http-handler-5.7.2.tgz#29e95cd74fe91495225e26a60569617fecae48cc"
  integrity sha512-nZyWTmSpJEXl6VtWVMBJve/7x12DZu6sIX1z1a+ZMaHlQQRs9Zpu6NbTe/gmxYXVRpkjxyDYpZ5gx2IM6f/Wkw==
  dependencies:
    "@smithy/core" "^3.33.2"
    "@smithy/types" "^4.17.2"
    tslib "^2.6.2"

"@smithy/node-http-handler@^4.9.13":
  version "4.11.2"
  resolved "https://registry.yarnpkg.com/@smithy/node-http-handler/-/node-http-handler-4.11.2.tgz#68088896f09db7c7cc91bda7bba80376190a11b0"
  integrity sha512-avwAh9HM3h2lcfjvP3zYIZGf+XVgLQ91wOJ2qoFbNpW1UZeZb33aGlhTZvtkANHfcGhJroRY64525OjfgOg30g==
  dependencies:
    "@smithy/core" "^3.33.2"
    "@smithy/types" "^4.17.2"
    tslib "^2.6.2"

"@smithy/signature-v4@^5.6.12":
  version "5.7.2"
  resolved "https://registry.yarnpkg.com/@smithy/signature-v4/-/signature-v4-5.7.2.tgz#26b0c17492d912ce352c3479d1153dd6fefa7f75"
  integrity sha512-P7Ki6px6OOrxVtx8K7nLmyx4SlXUW/uTKDdMG44UHefmPGSRMBKe2v+TM59WdLcpUIrBrnuCsIqiM2MbsZjmhw==
  dependencies:
    "@smithy/core" "^3.33.2"
    "@smithy/types" "^4.17.2"
    tslib "^2.6.2"

"@smithy/types@^4.16.1", "@smithy/types@^4.17.2":
  version "4.17.2"
  resolved "https://registry.yarnpkg.com/@smithy/types/-/types-4.17.2.tgz#ad71f6f62460a6409f0e8efc173e2e0f883ea4e6"
  integrity sha512-FOKpVZob9MPTn2znRzGrnsMHv7BOsKVw3XiP/cOyYLDVZ9qKp4nifIiSCuUU/fIj5Vu0UOAxCFr+qRAtG0NUkA==
  dependencies:
    tslib "^2.6.2"

"@types/node@^26.2.0":
  version "26.2.0"
  resolved "https://registry.yarnpkg.com/@types/node/-/node-26.2.0.tgz#5a4875a862fda8fdc57de8faa579bb81ecba1685"
  integrity sha512-5IviulTZeRNp2vAJ514cc/HUlY5nZ9fCbq9DMyC52BrhFZACo3nI0R7qBxhQmo/d27NFe96ur/b7Wwxklda+kg==
  dependencies:
    undici-types "~8.3.0"

"@typescript/typescript-aix-ppc64@7.0.2":
  version "7.0.2"
  resolved "https://registry.yarnpkg.com/@typescript/typescript-aix-ppc64/-/typescript-aix-ppc64-7.0.2.tgz#cdc7ce81d60f1e09034960ddfb1fb880d7a776b6"
  integrity sha512-MTKKkWB7p/0E9xi1d1tHtZ5PiLkGEMIq88pK2CubZjOsLtYTLqhgIgi6zepFa+9GHZ6h05NMCkQxGKiPXMxXtQ==

"@typescript/typescript-darwin-arm64@7.0.2":
  version "7.0.2"
  resolved "https://registry.yarnpkg.com/@typescript/typescript-darwin-arm64/-/typescript-darwin-arm64-7.0.2.tgz#a55fdfcfa58df58d27db2237cde6a5c1e35a7235"
  integrity sha512-gowzar9MwS/aRWp6f3a4KUqzRjAZjOsmGNCM6LcTgXum+dBfgsBVMN+AgvOCCbguXyick6LJhpBszxMebJ8syA==

"@typescript/typescript-darwin-x64@7.0.2":
  version "7.0.2"
  resolved "https://registry.yarnpkg.com/@typescript/typescript-darwin-x64/-/typescript-darwin-x64-7.0.2.tgz#38d1c9172800a91d707bec64d2a370a016634db4"
  integrity sha512-SZ9xZInqApNlNGc9s0W1VSsktYSOe9cFqNOIqmN1Gs8SmkjKZYFt017G4VwPxASInODuAdbTW7sXiFUf893RgA==

"@typescript/typescript-freebsd-arm64@7.0.2":
  version "7.0.2"
  resolved "https://registry.yarnpkg.com/@typescript/typescript-freebsd-arm64/-/typescript-freebsd-arm64-7.0.2.tgz#f1ff8810030b35d2b5be0db6a2dc650460ea94fa"
  integrity sha512-W5NH4y/J0plIIS5b2xvTEkU7JFxyqdMAOgf+Ilhl0vHQXKO5dZoxd+C/jEtq56c4F3wk71RB4BMRQ2XdI+bwYQ==

"@typescript/typescript-freebsd-x64@7.0.2":
  version "7.0.2"
  resolved "https://registry.yarnpkg.com/@typescript/typescript-freebsd-x64/-/typescript-freebsd-x64-7.0.2.tgz#3d86b03f353c5b1ba95162eb6ce35533bfc294bd"
  integrity sha512-UMGDx5sTpzNw3WiPebH7l90IWfJggEd+egHt/q6p7/Cm3zqoV7VxkGXt+3DxPIw8CcmvAB0j3sVVfbhX+M4Tpw==

"@typescript/typescript-linux-arm64@7.0.2":
  version "7.0.2"
  resolved "https://registry.yarnpkg.com/@typescript/typescript-linux-arm64/-/typescript-linux-arm64-7.0.2.tgz#d9334d96d6dac6ff85da9c865588948de939e91f"
  integrity sha512-Qh4eU4/y3yDjnfjjyPYihMj5/ODIlmt+Bzu17OI+fiSRDW57QmU5SiN63exPRNJPKUzcc1INa1NXdrJ+MqHjUQ==

"@typescript/typescript-linux-arm@7.0.2":
  version "7.0.2"
  resolved "https://registry.yarnpkg.com/@typescript/typescript-linux-arm/-/typescript-linux-arm-7.0.2.tgz#ad94b41e1aee2a4dcc6a298c7b67c43345fde32e"
  integrity sha512-gffT3xPz9sR7j/YJExkyPntrI0P2EP9XbOyWzth2/Gs0RstK+90RBcO0ncXoXy/beYll1SXw846Nf2zdnEz0QQ==

"@typescript/typescript-linux-loong64@7.0.2":
  version "7.0.2"
  resolved "https://registry.yarnpkg.com/@typescript/typescript-linux-loong64/-/typescript-linux-loong64-7.0.2.tgz#2965aee4fc873360139d893daafe6397a29138ad"
  integrity sha512-uEHck9i8hoAzXPiYRib1O7miOnz23SxIeVl6F4LXox+qov1K35jHcEW6VHKvZI+pyvl7fZEP4MCU5LYvIq1GuQ==

"@typescript/typescript-linux-mips64el@7.0.2":
  version "7.0.2"
  resolved "https://registry.yarnpkg.com/@typescript/typescript-linux-mips64el/-/typescript-linux-mips64el-7.0.2.tgz#1a887a311bed3a833f80bfd4a9ed37c271936cf0"
  integrity sha512-R4KvAMnE43W5Qeqb0Ly56O3mWMWIAgsMyz36DCaycd5nbg/9kzm0liw3JocfRqyJY0KPmzFjbswozXyW0DnIYA==

"@typescript/typescript-linux-ppc64@7.0.2":
  version "7.0.2"
  resolved "https://registry.yarnpkg.com/@typescript/typescript-linux-ppc64/-/typescript-linux-ppc64-7.0.2.tgz#8b63c9b2f445b393eb4e43ec21da225dade3577d"
  integrity sha512-DORx5b3sd/4S7eayxm4FQv+A7CrkUIGRaHiwI8oiHTAI1fAPWhF4J0vAlkC8biAlHSVVwxMQ3tjZ2/DVbnQiiA==

"@typescript/typescript-linux-riscv64@7.0.2":
  version "7.0.2"
  resolved "https://registry.yarnpkg.com/@typescript/typescript-linux-riscv64/-/typescript-linux-riscv64-7.0.2.tgz#b6e8a35c289b3ea97a92a41d461aaeed0d3b36e1"
  integrity sha512-wf0jqEDOjrPRnKwYRyyJDRo11KMbvMFrU+q4zqKyChODBzvlkbhNQfKvLxQCcwTpdDaXSHZTVuh0JoCrKCUMHQ==

"@typescript/typescript-linux-s390x@7.0.2":
  version "7.0.2"
  resolved "https://registry.yarnpkg.com/@typescript/typescript-linux-s390x/-/typescript-linux-s390x-7.0.2.tgz#2ef96693be4861f6d17965427e5b009cbbed1a3e"
  integrity sha512-IkwJc3L7yhytWd/ewjyxNDfOmswCm9GWMJT/ue/dU4aZNbwZeYAetq42VyLmsmSjvoX7z74X6ZaYCtzAr0EuGw==

"@typescript/typescript-linux-x64@7.0.2":
  version "7.0.2"
  resolved "https://registry.yarnpkg.com/@typescript/typescript-linux-x64/-/typescript-linux-x64-7.0.2.tgz#73269cb0baba50aea0ca060445a6b88e583f1ce2"
  integrity sha512-EYdf2cNg7rgCWJnxCdJ+F3V39O8ihb37eHAu1LK8oAFizgTQbPOK7zHHXbPt8rX24COqODXeI3sIf0fCXG7H/A==

"@typescript/typescript-netbsd-arm64@7.0.2":
  version "7.0.2"
  resolved "https://registry.yarnpkg.com/@typescript/typescript-netbsd-arm64/-/typescript-netbsd-arm64-7.0.2.tgz#3a3649f97fafa210b4e6e3798c15e06605c8a901"
  integrity sha512-+polYF4MF04aPpO5FTkHran9yUQDSXqy5GiSDKpsll5jy3l3+g9QLhpf39T+ePtefhXLOGrLl0QIjkQP6VnelA==

"@typescript/typescript-netbsd-x64@7.0.2":
  version "7.0.2"
  resolved "https://registry.yarnpkg.com/@typescript/typescript-netbsd-x64/-/typescript-netbsd-x64-7.0.2.tgz#47ec59491a40c470d2807dc4d2b825528fd979ab"
  integrity sha512-8YIT0EHM/3dq10ZOVF/A7pc/YSMtbcecct4rWtexrnSCHOPcpC2KTLXfTCR6vDpnSiY12heNb1GiN/wu+T/FyA==

"@typescript/typescript-openbsd-arm64@7.0.2":
  version "7.0.2"
  resolved "https://registry.yarnpkg.com/@typescript/typescript-openbsd-arm64/-/typescript-openbsd-arm64-7.0.2.tgz#796be8da0bd989d8a3fb96f2801e38a8365b4baf"
  integrity sha512-APT8+ClYnuYm1u9+kgGXoMj2VzWzcymwh2gNSQVySHfkRDGOTVkoWLjCmOQSaO+PoqQ57B0flRp9SA+7GnnkzQ==

"@typescript/typescript-openbsd-x64@7.0.2":
  version "7.0.2"
  resolved "https://registry.yarnpkg.com/@typescript/typescript-openbsd-x64/-/typescript-openbsd-x64-7.0.2.tgz#d37fe2a729eb942c076c454ee7f1815faf7d560f"
  integrity sha512-yX7s+Q0Dln0Dt9tEzZsAjXXR/+ytBM7AlglaqyeMPxQszJ1JhlJdZ6jLA+IzldHtflX81em7lDao1xXu+aRRkg==

"@typescript/typescript-sunos-x64@7.0.2":
  version "7.0.2"
  resolved "https://registry.yarnpkg.com/@typescript/typescript-sunos-x64/-/typescript-sunos-x64-7.0.2.tgz#aba8d3464c3565a7044789baba96916bd4ab2c88"
  integrity sha512-dLJDGaLZ1D4HPQn62u1n8mBDkJREwMsAkCdkwd4Ieqw+x3TUyTsqY0YiBCtE6H6OzzgGk3iuZ3vFWRS+E8/d1g==

"@typescript/typescript-win32-arm64@7.0.2":
  version "7.0.2"
  resolved "https://registry.yarnpkg.com/@typescript/typescript-win32-arm64/-/typescript-win32-arm64-7.0.2.tgz#b9de50a17196383f62620b5f9d0a2f34ad3b60d7"
  integrity sha512-Gyl1Vy6OsWesLzmq+EP0Fb7b4Nid5232AvcA2SFcdYreldpNtYFFofPjnt62y9hQy7VTaZp65ICJjuAQRaVcIQ==

"@typescript/typescript-win32-x64@7.0.2":
  version "7.0.2"
  resolved "https://registry.yarnpkg.com/@typescript/typescript-win32-x64/-/typescript-win32-x64-7.0.2.tgz#cf3b7b0d6ce5635daca4c8e01c189cdcde47ec3c"
  integrity sha512-0BQ3HkAHHlKLSp1qRvf3SUhGpGsDuhB/jgFw75guyqbxJqEaS0Cw/VFO8i2nHglJUzQCRtMMR/IBAKE3ETMC4g==

bowser@^2.11.0:
  version "2.14.1"
  resolved "https://registry.yarnpkg.com/bowser/-/bowser-2.14.1.tgz#4ea39bf31e305184522d7ad7bfd91389e4f0cb79"
  integrity sha512-tzPjzCxygAKWFOJP011oxFHs57HzIhOEracIgAePE4pqB3LikALKnSzUyU4MGs9/iCEUuHlAJTjTc5M+u7YEGg==

bullmq@^6.1.2:
  version "6.1.2"
  resolved "https://registry.yarnpkg.com/bullmq/-/bullmq-6.1.2.tgz#f13183db9d41ba6b93ae7bf65d266ce5fd6840bc"
  integrity sha512-GSX8JfWN8CElAGDyt7Zmq59n1FfWZ0L7IjsThNUQq7X8mvVVDb9I5i2F+nFg4A00UbysJ5yejN0oWzmbUJPDFg==
  dependencies:
    cron-parser "5.10.0"
    msgpackr "2.0.5"
    node-abort-controller "3.1.1"
    semver "7.8.5"
    tslib "2.8.1"

cluster-key-slot@1.1.1:
  version "1.1.1"
  resolved "https://registry.yarnpkg.com/cluster-key-slot/-/cluster-key-slot-1.1.1.tgz#10ccb9ded0729464b6d2e7d714b100a2d1259d43"
  integrity sha512-rwHwUfXL40Chm1r08yrhU3qpUvdVlgkKNeyeGPOxnW8/SyVDvgRaed/Uz54AqWNaTCAThlj6QAs3TZcKI0xDEw==

cron-parser@5.10.0:
  version "5.10.0"
  resolved "https://registry.yarnpkg.com/cron-parser/-/cron-parser-5.10.0.tgz#94799d9ddd56b893aa8e4a4c7f19717ee7d1ebe4"
  integrity sha512-izNAxJyRWUP8ljBoDSub5WyrVOUlT4SLGShswE7eoRBpp6QUsSycYxLBMJlbshgPBMcPT/nrfgjNY2918ayv2A==
  dependencies:
    luxon "^3.7.2"

debug@4.4.3:
  version "4.4.3"
  resolved "https://registry.yarnpkg.com/debug/-/debug-4.4.3.tgz#c6ae432d9bd9662582fce08709b038c58e9e3d6a"
  integrity sha512-RGwwWnwQvkVfavKVt22FGLw+xYSdzARwm0ru6DhTVA3umU5hZc28V3kO4stgYryrTlLpuvgI9GiijltAjNbcqA==
  dependencies:
    ms "^2.1.3"

denque@2.1.0:
  version "2.1.0"
  resolved "https://registry.yarnpkg.com/denque/-/denque-2.1.0.tgz#e93e1a6569fb5e66f16a3c2a2964617d349d6ab1"
  integrity sha512-HVQE3AAb/pxF8fQAoiqpvg9i3evqug3hoiwakOyZAwJm+6vZehbkYXZ0l4JxS+I3QxM97v5aaRNhj8v5oBhekw==

detect-libc@^2.0.1:
  version "2.1.2"
  resolved "https://registry.yarnpkg.com/detect-libc/-/detect-libc-2.1.2.tgz#689c5dcdc1900ef5583a4cb9f6d7b473742074ad"
  integrity sha512-Btj2BOOO83o3WyH59e8MgXsxEQVcarkUOpEYrubB0urwnN10yQ364rsiByU11nZlqWYZm05i/of7io4mzihBtQ==

ioredis@^5.9.0:
  version "5.11.1"
  resolved "https://registry.yarnpkg.com/ioredis/-/ioredis-5.11.1.tgz#2d1e52e350a79ee3b00883f3681a410427b49f28"
  integrity sha512-ehuGcf94bQXhfagULNXrJdfnWO38v070jxSx/qE87Kjzmu2fU7ro5EFAb+OPituLqgfyuQaym5DlrNydW2sJ9A==
  dependencies:
    "@ioredis/commands" "1.10.0"
    cluster-key-slot "1.1.1"
    debug "4.4.3"
    denque "2.1.0"
    redis-errors "1.2.0"
    redis-parser "3.0.0"
    standard-as-callback "2.1.0"

luxon@^3.7.2:
  version "3.7.2"
  resolved "https://registry.yarnpkg.com/luxon/-/luxon-3.7.2.tgz#d697e48f478553cca187a0f8436aff468e3ba0ba"
  integrity sha512-vtEhXh/gNjI9Yg1u4jX/0YVPMvxzHuGgCm6tC5kZyb08yjGWGnqAjGJvcXbqQR2P3MyMEFnRbpcdFS6PBcLqew==

ms@^2.1.3:
  version "2.1.3"
  resolved "https://registry.yarnpkg.com/ms/-/ms-2.1.3.tgz#574c8138ce1d2b5861f0b44579dbadd60c6615b2"
  integrity sha512-6FlzubTLZG3J2a/NVCAleEhjzq5oxgHyaCU9yYXvcLsvoVaHJq/s5xXI6/XXP6tz7R9xAOtHnSO/tXtF3WRTlA==

msgpackr-extract@^3.0.4:
  version "3.0.4"
  resolved "https://registry.yarnpkg.com/msgpackr-extract/-/msgpackr-extract-3.0.4.tgz#d252698947f7a1a62478d22bfb789ba48dd4c1ac"
  integrity sha512-4kmO/MdyUIkLIvTPr8VHLil4AtoKIoniWPIEk5+CDy0xnWC84azhSFmuJ7PxZdsYtiP5kEeQsORAVIeMgxT+Hw==
  dependencies:
    node-gyp-build-optional-packages "5.2.2"
  optionalDependencies:
    "@msgpackr-extract/msgpackr-extract-darwin-arm64" "3.0.4"
    "@msgpackr-extract/msgpackr-extract-darwin-x64" "3.0.4"
    "@msgpackr-extract/msgpackr-extract-linux-arm" "3.0.4"
    "@msgpackr-extract/msgpackr-extract-linux-arm64" "3.0.4"
    "@msgpackr-extract/msgpackr-extract-linux-x64" "3.0.4"
    "@msgpackr-extract/msgpackr-extract-win32-x64" "3.0.4"

msgpackr@2.0.5:
  version "2.0.5"
  resolved "https://registry.yarnpkg.com/msgpackr/-/msgpackr-2.0.5.tgz#ea4308164fad112f1bd4a7bf008445a8a613658a"
  integrity sha512-cef05H/dSYpLpqp3sj/qyZh5vhUYCalnaLO7j1yOmpsR0y/XwLVtK7r5gn+U/F7CTEfMowcGhlUQJDLcLf7jcA==
  optionalDependencies:
    msgpackr-extract "^3.0.4"

node-abort-controller@3.1.1:
  version "3.1.1"
  resolved "https://registry.yarnpkg.com/node-abort-controller/-/node-abort-controller-3.1.1.tgz#a94377e964a9a37ac3976d848cb5c765833b8548"
  integrity sha512-AGK2yQKIjRuqnc6VkX2Xj5d+QW8xZ87pa1UK6yA6ouUyuxfHuMP6umE5QK7UmTeOAymo+Zx1Fxiuw9rVx8taHQ==

node-gyp-build-optional-packages@5.2.2:
  version "5.2.2"
  resolved "https://registry.yarnpkg.com/node-gyp-build-optional-packages/-/node-gyp-build-optional-packages-5.2.2.tgz#522f50c2d53134d7f3a76cd7255de4ab6c96a3a4"
  integrity sha512-s+w+rBWnpTMwSFbaE0UXsRlg7hU4FjekKU4eyAih5T8nJuNZT1nNsskXpxmeqSK9UzkBl6UgRlnKc8hz8IEqOw==
  dependencies:
    detect-libc "^2.0.1"

redis-errors@1.2.0, redis-errors@^1.0.0:
  version "1.2.0"
  resolved "https://registry.yarnpkg.com/redis-errors/-/redis-errors-1.2.0.tgz#eb62d2adb15e4eaf4610c04afe1529384250abad"
  integrity sha512-1qny3OExCf0UvUV/5wpYKf2YwPcOqXzkwKKSmKHiE6ZMQs5heeE/c8eXK+PNllPvmjgAbfnsbpkGZWy8cBpn9w==

redis-parser@3.0.0:
  version "3.0.0"
  resolved "https://registry.yarnpkg.com/redis-parser/-/redis-parser-3.0.0.tgz#b66d828cdcafe6b4b8a428a7def4c6bcac31c8b4"
  integrity sha512-DJnGAeenTdpMEH6uAJRK/uiyEIH9WVsUmoLwzudwGJUwZPp80PDBWPHXSAGNPwNvIXAbe7MSUB1zQFugFml66A==
  dependencies:
    redis-errors "^1.0.0"

semver@7.8.5:
  version "7.8.5"
  resolved "https://registry.yarnpkg.com/semver/-/semver-7.8.5.tgz#39b646037dd50c14fb451e7e4cac58ed8b863f69"
  integrity sha512-Y7/KDsb8LjooZpwaqGyulO6DQlksgCncchHGk+sZIY4SBvUocMBEFH5Ur1fI4dV+Jvl0w6cjvucaIi40puRioA==

standard-as-callback@2.1.0:
  version "2.1.0"
  resolved "https://registry.yarnpkg.com/standard-as-callback/-/standard-as-callback-2.1.0.tgz#8953fc05359868a77b5b9739a665c5977bb7df45"
  integrity sha512-qoRRSyROncaz1z0mvYqIE4lCd9p2R90i6GxW3uZv5ucSu8tU7B5HXUP1gG8pVZsYNVaXjk8ClXHPttLyxAL48A==

tslib@2.8.1, tslib@^2.6.2:
  version "2.8.1"
  resolved "https://registry.yarnpkg.com/tslib/-/tslib-2.8.1.tgz#612efe4ed235d567e8aba5f2a5fab70280ade83f"
  integrity sha512-oJFu94HQb+KVduSUQL7wnpmqnfmLsOA/nAh6b6EH0wCEoK0/mPeXU6c3wKDV83MkOuHPRHtSXKKU99IBazS/2w==

typescript@^7.0.2:
  version "7.0.2"
  resolved "https://registry.yarnpkg.com/typescript/-/typescript-7.0.2.tgz#9ec773d7954a8c182c17cc5bbd575aa28bc51582"
  integrity sha512-8FYau96o3NKOhbjKi/qNvG/W5jhzxkbdm5sj9AbZ/5T5sWqn3hJgLfGx27sRKZWTvyzCP8dLRBTf5tBTSRVUNA==
  optionalDependencies:
    "@typescript/typescript-aix-ppc64" "7.0.2"
    "@typescript/typescript-darwin-arm64" "7.0.2"
    "@typescript/typescript-darwin-x64" "7.0.2"
    "@typescript/typescript-freebsd-arm64" "7.0.2"
    "@typescript/typescript-freebsd-x64" "7.0.2"
    "@typescript/typescript-linux-arm" "7.0.2"
    "@typescript/typescript-linux-arm64" "7.0.2"
    "@typescript/typescript-linux-loong64" "7.0.2"
    "@typescript/typescript-linux-mips64el" "7.0.2"
    "@typescript/typescript-linux-ppc64" "7.0.2"
    "@typescript/typescript-linux-riscv64" "7.0.2"
    "@typescript/typescript-linux-s390x" "7.0.2"
    "@typescript/typescript-linux-x64" "7.0.2"
    "@typescript/typescript-netbsd-arm64" "7.0.2"
    "@typescript/typescript-netbsd-x64" "7.0.2"
    "@typescript/typescript-openbsd-arm64" "7.0.2"
    "@typescript/typescript-openbsd-x64" "7.0.2"
    "@typescript/typescript-sunos-x64" "7.0.2"
    "@typescript/typescript-win32-arm64" "7.0.2"
    "@typescript/typescript-win32-x64" "7.0.2"

undici-types@~8.3.0:
  version "8.3.0"
  resolved "https://registry.yarnpkg.com/undici-types/-/undici-types-8.3.0.tgz#44e9fc9f3244648cdea35e4f9bb2d681e9410809"
  integrity sha512-j375ScV60dom+YkPFIfTLcOiPxkN/buHz5GobjLhixFuANaNs3C9l4GmrWqejgXWJ7BbJcFYpTEUkS1Ge8bpZQ==

zod@^4.4.3:
  version "4.4.3"
  resolved "https://registry.yarnpkg.com/zod/-/zod-4.4.3.tgz#b680f172885d18bbebf21a834ea25e55a1bbf356"
  integrity sha512-ytENFjIJFl2UwYglde2jchW2Hwm4GJFLDiSXWdTrJQBIN9Fcyp7n4DhxJEiWNAJMV1/BqWfW/kkg71UDcHJyTQ==
